
Microsoft Visual Studio Solution File, Format Version 12.00
# Visual Studio Version 16
VisualStudioVersion = 16.0.31402.337
MinimumVisualStudioVersion = 10.0.40219.1
Project("{FAE04EC0-301F-11D3-BF4B-00C04F79EFBC}") = "ProductosyServicios", "ProductosyServicios\ProductosyServicios.csproj", "{5CD14868-41FA-4BCE-921E-AF3442491B68}"
EndProject
Global
	GlobalSection(SolutionConfigurationPlatforms) = preSolution
		Debug|Any CPU = Debug|Any CPU
		Release|Any CPU = Release|Any CPU
	EndGlobalSection
	GlobalSection(ProjectConfigurationPlatforms) = postSolution
		{5CD14868-41FA-4BCE-921E-AF3442491B68}.Debug|Any CPU.ActiveCfg = Debug|Any CPU
		{5CD14868-41FA-4BCE-921E-AF3442491B68}.Debug|Any CPU.Build.0 = Debug|Any CPU
		{5CD14868-41FA-4BCE-921E-AF3442491B68}.Release|Any CPU.ActiveCfg = Release|Any CPU
		{5CD14868-41FA-4BCE-921E-AF3442491B68}.Release|Any CPU.Build.0 = Release|Any CPU
	EndGlobalSection
	GlobalSection(SolutionProperties) = preSolution
		HideSolutionNode = FALSE
	EndGlobalSection
	GlobalSection(ExtensibilityGlobals) = postSolution
		SolutionGuid = {DAA4157C-5CE8-4E0B-A346-F23994E75298}
	EndGlobalSection
EndGlobal
